
Microsoft Visual Studio Solution File, Format Version 12.00
# Visual Studio 2012
Project("{FAE04EC0-301F-11D3-BF4B-00C04F79EFBC}") = "KayakoRestApi", "KayakoRestAPI\KayakoRestApi.csproj", "{AE83CAF2-DBA1-4360-AFE5-849D2EB0E027}"
EndProject
Project("{FAE04EC0-301F-11D3-BF4B-00C04F79EFBC}") = "KayakoRestAPI.Testing", "TestApplication\KayakoRestAPI.Testing.csproj", "{752985BA-E382-4716-966D-F566F7E3489D}"
EndProject
Project("{2150E333-8FDC-42A3-9474-1A3956D46DE8}") = "Files", "Files", "{FC3D4805-75A1-4CBF-89C6-45992AD2B317}"
	ProjectSection(SolutionItems) = preProject
		LICENSE = LICENSE
		README = README
	EndProjectSection
EndProject
Project("{FAE04EC0-301F-11D3-BF4B-00C04F79EFBC}") = "KayakoRestApi.IntegrationTests", "KayakoRestApi.IntegrationTests\KayakoRestApi.IntegrationTests.csproj", "{FE037841-E104-4F7A-9A39-6A03AC32236C}"
EndProject
Project("{FAE04EC0-301F-11D3-BF4B-00C04F79EFBC}") = "KayakoRestApi.UnitTests", "KayakoRestApi.UnitTests\KayakoRestApi.UnitTests.csproj", "{967820D0-6450-4871-94A9-C6666EBA3947}"
EndProject
Global
	GlobalSection(SolutionConfigurationPlatforms) = preSolution
		Debug|Any CPU = Debug|Any CPU
		Debug|Mixed Platforms = Debug|Mixed Platforms
		Debug|x86 = Debug|x86
		Release|Any CPU = Release|Any CPU
		Release|Mixed Platforms = Release|Mixed Platforms
		Release|x86 = Release|x86
	EndGlobalSection
	GlobalSection(ProjectConfigurationPlatforms) = postSolution
		{AE83CAF2-DBA1-4360-AFE5-849D2EB0E027}.Debug|Any CPU.ActiveCfg = Debug|Any CPU
		{AE83CAF2-DBA1-4360-AFE5-849D2EB0E027}.Debug|Any CPU.Build.0 = Debug|Any CPU
		{AE83CAF2-DBA1-4360-AFE5-849D2EB0E027}.Debug|Mixed Platforms.ActiveCfg = Debug|Any CPU
		{AE83CAF2-DBA1-4360-AFE5-849D2EB0E027}.Debug|Mixed Platforms.Build.0 = Debug|Any CPU
		{AE83CAF2-DBA1-4360-AFE5-849D2EB0E027}.Debug|x86.ActiveCfg = Debug|Any CPU
		{AE83CAF2-DBA1-4360-AFE5-849D2EB0E027}.Release|Any CPU.ActiveCfg = Release|Any CPU
		{AE83CAF2-DBA1-4360-AFE5-849D2EB0E027}.Release|Any CPU.Build.0 = Release|Any CPU
		{AE83CAF2-DBA1-4360-AFE5-849D2EB0E027}.Release|Mixed Platforms.ActiveCfg = Release|Any CPU
		{AE83CAF2-DBA1-4360-AFE5-849D2EB0E027}.Release|Mixed Platforms.Build.0 = Release|Any CPU
		{AE83CAF2-DBA1-4360-AFE5-849D2EB0E027}.Release|x86.ActiveCfg = Release|Any CPU
		{752985BA-E382-4716-966D-F566F7E3489D}.Debug|Any CPU.ActiveCfg = Debug|Any CPU
		{752985BA-E382-4716-966D-F566F7E3489D}.Debug|Any CPU.Build.0 = Debug|Any CPU
		{752985BA-E382-4716-966D-F566F7E3489D}.Debug|Mixed Platforms.ActiveCfg = Debug|Any CPU
		{752985BA-E382-4716-966D-F566F7E3489D}.Debug|Mixed Platforms.Build.0 = Debug|Any CPU
		{752985BA-E382-4716-966D-F566F7E3489D}.Debug|x86.ActiveCfg = Debug|Any CPU
		{752985BA-E382-4716-966D-F566F7E3489D}.Release|Any CPU.ActiveCfg = Release|Any CPU
		{752985BA-E382-4716-966D-F566F7E3489D}.Release|Any CPU.Build.0 = Release|Any CPU
		{752985BA-E382-4716-966D-F566F7E3489D}.Release|Mixed Platforms.ActiveCfg = Release|Any CPU
		{752985BA-E382-4716-966D-F566F7E3489D}.Release|Mixed Platforms.Build.0 = Release|Any CPU
		{752985BA-E382-4716-966D-F566F7E3489D}.Release|x86.ActiveCfg = Release|Any CPU
		{FE037841-E104-4F7A-9A39-6A03AC32236C}.Debug|Any CPU.ActiveCfg = Debug|Any CPU
		{FE037841-E104-4F7A-9A39-6A03AC32236C}.Debug|Any CPU.Build.0 = Debug|Any CPU
		{FE037841-E104-4F7A-9A39-6A03AC32236C}.Debug|Mixed Platforms.ActiveCfg = Debug|Any CPU
		{FE037841-E104-4F7A-9A39-6A03AC32236C}.Debug|Mixed Platforms.Build.0 = Debug|Any CPU
		{FE037841-E104-4F7A-9A39-6A03AC32236C}.Debug|x86.ActiveCfg = Debug|Any CPU
		{FE037841-E104-4F7A-9A39-6A03AC32236C}.Release|Any CPU.ActiveCfg = Release|Any CPU
		{FE037841-E104-4F7A-9A39-6A03AC32236C}.Release|Any CPU.Build.0 = Release|Any CPU
		{FE037841-E104-4F7A-9A39-6A03AC32236C}.Release|Mixed Platforms.ActiveCfg = Release|Any CPU
		{FE037841-E104-4F7A-9A39-6A03AC32236C}.Release|Mixed Platforms.Build.0 = Release|Any CPU
		{FE037841-E104-4F7A-9A39-6A03AC32236C}.Release|x86.ActiveCfg = Release|Any CPU
		{967820D0-6450-4871-94A9-C6666EBA3947}.Debug|Any CPU.ActiveCfg = Debug|Any CPU
		{967820D0-6450-4871-94A9-C6666EBA3947}.Debug|Any CPU.Build.0 = Debug|Any CPU
		{967820D0-6450-4871-94A9-C6666EBA3947}.Debug|Mixed Platforms.ActiveCfg = Debug|Any CPU
		{967820D0-6450-4871-94A9-C6666EBA3947}.Debug|Mixed Platforms.Build.0 = Debug|Any CPU
		{967820D0-6450-4871-94A9-C6666EBA3947}.Debug|x86.ActiveCfg = Debug|Any CPU
		{967820D0-6450-4871-94A9-C6666EBA3947}.Release|Any CPU.ActiveCfg = Release|Any CPU
		{967820D0-6450-4871-94A9-C6666EBA3947}.Release|Any CPU.Build.0 = Release|Any CPU
		{967820D0-6450-4871-94A9-C6666EBA3947}.Release|Mixed Platforms.ActiveCfg = Release|Any CPU
		{967820D0-6450-4871-94A9-C6666EBA3947}.Release|Mixed Platforms.Build.0 = Release|Any CPU
		{967820D0-6450-4871-94A9-C6666EBA3947}.Release|x86.ActiveCfg = Release|Any CPU
	EndGlobalSection
	GlobalSection(SolutionProperties) = preSolution
		HideSolutionNode = FALSE
	EndGlobalSection
EndGlobal
